
Microsoft Visual Studio Solution File, Format Version 12.00
# Visual Studio Version 16
VisualStudioVersion = 16.0.29411.108
MinimumVisualStudioVersion = 10.0.40219.1
Project("{FAE04EC0-301F-11D3-BF4B-00C04F79EFBC}") = "PolarstepsCompanion", "PolarstepsCompanion\PolarstepsCompanion.csproj", "{A5311C3E-9710-4FBD-B115-17B83AAE9124}"
EndProject
Global
	GlobalSection(SolutionConfigurationPlatforms) = preSolution
		Debug|Any CPU = Debug|Any CPU
		Release|Any CPU = Release|Any CPU
	EndGlobalSection
	GlobalSection(ProjectConfigurationPlatforms) = postSolution
		{A5311C3E-9710-4FBD-B115-17B83AAE9124}.Debug|Any CPU.ActiveCfg = Debug|Any CPU
		{A5311C3E-9710-4FBD-B115-17B83AAE9124}.Debug|Any CPU.Build.0 = Debug|Any CPU
		{A5311C3E-9710-4FBD-B115-17B83AAE9124}.Release|Any CPU.ActiveCfg = Release|Any CPU
		{A5311C3E-9710-4FBD-B115-17B83AAE9124}.Release|Any CPU.Build.0 = Release|Any CPU
	EndGlobalSection
	GlobalSection(SolutionProperties) = preSolution
		HideSolutionNode = FALSE
	EndGlobalSection
	GlobalSection(ExtensibilityGlobals) = postSolution
		SolutionGuid = {68D55436-F31A-4693-ADB8-6EECAFC84748}
	EndGlobalSection
EndGlobal
